
Microsoft Visual Studio Solution File, Format Version 12.00
# Visual Studio Version 17
VisualStudioVersion = 17.9.34616.47
MinimumVisualStudioVersion = 10.0.40219.1
Project("{8BC9CEB8-8B4A-11D0-8D11-00A0C91BC942}") = "memberintlist", "memberintlist\memberintlist.vcxproj", "{5BD6E6F2-A98B-463B-99D1-E0DB41A51A3A}"
EndProject
Project("{8BC9CEB8-8B4A-11D0-8D11-00A0C91BC942}") = "memberlist", "memberlist\memberlist.vcxproj", "{631EC3D4-08C7-4F40-9CA6-947FEB31114B}"
EndProject
Project("{8BC9CEB8-8B4A-11D0-8D11-00A0C91BC942}") = "agregation", "agregation\agregation.vcxproj", "{7A246B20-57D3-48CE-89F7-F952F2C7A23A}"
EndProject
Project("{8BC9CEB8-8B4A-11D0-8D11-00A0C91BC942}") = "asosiasi", "asosiasi\asosiasi.vcxproj", "{0CA75125-333C-4C7D-AC73-3D48B3B93532}"
EndProject
Project("{8BC9CEB8-8B4A-11D0-8D11-00A0C91BC942}") = "inheritance", "inheritance\inheritance.vcxproj", "{7FE6F631-8313-42F2-AC33-51BA3B09E122}"
EndProject
Global
	GlobalSection(SolutionConfigurationPlatforms) = preSolution
		Debug|x64 = Debug|x64
		Debug|x86 = Debug|x86
		Release|x64 = Release|x64
		Release|x86 = Release|x86
	EndGlobalSection
	GlobalSection(ProjectConfigurationPlatforms) = postSolution
		{5BD6E6F2-A98B-463B-99D1-E0DB41A51A3A}.Debug|x64.ActiveCfg = Debug|x64
		{5BD6E6F2-A98B-463B-99D1-E0DB41A51A3A}.Debug|x64.Build.0 = Debug|x64
		{5BD6E6F2-A98B-463B-99D1-E0DB41A51A3A}.Debug|x86.ActiveCfg = Debug|Win32
		{5BD6E6F2-A98B-463B-99D1-E0DB41A51A3A}.Debug|x86.Build.0 = Debug|Win32
		{5BD6E6F2-A98B-463B-99D1-E0DB41A51A3A}.Release|x64.ActiveCfg = Release|x64
		{5BD6E6F2-A98B-463B-99D1-E0DB41A51A3A}.Release|x64.Build.0 = Release|x64
		{5BD6E6F2-A98B-463B-99D1-E0DB41A51A3A}.Release|x86.ActiveCfg = Release|Win32
		{5BD6E6F2-A98B-463B-99D1-E0DB41A51A3A}.Release|x86.Build.0 = Release|Win32
		{631EC3D4-08C7-4F40-9CA6-947FEB31114B}.Debug|x64.ActiveCfg = Debug|x64
		{631EC3D4-08C7-4F40-9CA6-947FEB31114B}.Debug|x64.Build.0 = Debug|x64
		{631EC3D4-08C7-4F40-9CA6-947FEB31114B}.Debug|x86.ActiveCfg = Debug|Win32
		{631EC3D4-08C7-4F40-9CA6-947FEB31114B}.Debug|x86.Build.0 = Debug|Win32
		{631EC3D4-08C7-4F40-9CA6-947FEB31114B}.Release|x64.ActiveCfg = Release|x64
		{631EC3D4-08C7-4F40-9CA6-947FEB31114B}.Release|x64.Build.0 = Release|x64
		{631EC3D4-08C7-4F40-9CA6-947FEB31114B}.Release|x86.ActiveCfg = Release|Win32
		{631EC3D4-08C7-4F40-9CA6-947FEB31114B}.Release|x86.Build.0 = Release|Win32
		{7A246B20-57D3-48CE-89F7-F952F2C7A23A}.Debug|x64.ActiveCfg = Debug|x64
		{7A246B20-57D3-48CE-89F7-F952F2C7A23A}.Debug|x64.Build.0 = Debug|x64
		{7A246B20-57D3-48CE-89F7-F952F2C7A23A}.Debug|x86.ActiveCfg = Debug|Win32
		{7A246B20-57D3-48CE-89F7-F952F2C7A23A}.Debug|x86.Build.0 = Debug|Win32
		{7A246B20-57D3-48CE-89F7-F952F2C7A23A}.Release|x64.ActiveCfg = Release|x64
		{7A246B20-57D3-48CE-89F7-F952F2C7A23A}.Release|x64.Build.0 = Release|x64
		{7A246B20-57D3-48CE-89F7-F952F2C7A23A}.Release|x86.ActiveCfg = Release|Win32
		{7A246B20-57D3-48CE-89F7-F952F2C7A23A}.Release|x86.Build.0 = Release|Win32
		{0CA75125-333C-4C7D-AC73-3D48B3B93532}.Debug|x64.ActiveCfg = Debug|x64
		{0CA75125-333C-4C7D-AC73-3D48B3B93532}.Debug|x64.Build.0 = Debug|x64
		{0CA75125-333C-4C7D-AC73-3D48B3B93532}.Debug|x86.ActiveCfg = Debug|Win32
		{0CA75125-333C-4C7D-AC73-3D48B3B93532}.Debug|x86.Build.0 = Debug|Win32
		{0CA75125-333C-4C7D-AC73-3D48B3B93532}.Release|x64.ActiveCfg = Release|x64
		{0CA75125-333C-4C7D-AC73-3D48B3B93532}.Release|x64.Build.0 = Release|x64
		{0CA75125-333C-4C7D-AC73-3D48B3B93532}.Release|x86.ActiveCfg = Release|Win32
		{0CA75125-333C-4C7D-AC73-3D48B3B93532}.Release|x86.Build.0 = Release|Win32
		{7FE6F631-8313-42F2-AC33-51BA3B09E122}.Debug|x64.ActiveCfg = Debug|x64
		{7FE6F631-8313-42F2-AC33-51BA3B09E122}.Debug|x64.Build.0 = Debug|x64
		{7FE6F631-8313-42F2-AC33-51BA3B09E122}.Debug|x86.ActiveCfg = Debug|Win32
		{7FE6F631-8313-42F2-AC33-51BA3B09E122}.Debug|x86.Build.0 = Debug|Win32
		{7FE6F631-8313-42F2-AC33-51BA3B09E122}.Release|x64.ActiveCfg = Release|x64
		{7FE6F631-8313-42F2-AC33-51BA3B09E122}.Release|x64.Build.0 = Release|x64
		{7FE6F631-8313-42F2-AC33-51BA3B09E122}.Release|x86.ActiveCfg = Release|Win32
		{7FE6F631-8313-42F2-AC33-51BA3B09E122}.Release|x86.Build.0 = Release|Win32
	EndGlobalSection
	GlobalSection(SolutionProperties) = preSolution
		HideSolutionNode = FALSE
	EndGlobalSection
	GlobalSection(ExtensibilityGlobals) = postSolution
		SolutionGuid = {AA86CE5B-A056-4BF9-A7A2-3B15745C0E78}
	EndGlobalSection
EndGlobal
